
Microsoft Visual Studio Solution File, Format Version 12.00
# Visual Studio Version 16
VisualStudioVersion = 16.0.29911.84
MinimumVisualStudioVersion = 10.0.40219.1
Project("{FAE04EC0-301F-11D3-BF4B-00C04F79EFBC}") = "SalesWebMVC", "SalesWebMVC\SalesWebMVC.csproj", "{BAE05D30-7941-475C-BB6D-4B27FD9CBDFB}"
EndProject
Global
	GlobalSection(SolutionConfigurationPlatforms) = preSolution
		Debug|Any CPU = Debug|Any CPU
		Release|Any CPU = Release|Any CPU
	EndGlobalSection
	GlobalSection(ProjectConfigurationPlatforms) = postSolution
		{BAE05D30-7941-475C-BB6D-4B27FD9CBDFB}.Debug|Any CPU.ActiveCfg = Debug|Any CPU
		{BAE05D30-7941-475C-BB6D-4B27FD9CBDFB}.Debug|Any CPU.Build.0 = Debug|Any CPU
		{BAE05D30-7941-475C-BB6D-4B27FD9CBDFB}.Release|Any CPU.ActiveCfg = Release|Any CPU
		{BAE05D30-7941-475C-BB6D-4B27FD9CBDFB}.Release|Any CPU.Build.0 = Release|Any CPU
	EndGlobalSection
	GlobalSection(SolutionProperties) = preSolution
		HideSolutionNode = FALSE
	EndGlobalSection
	GlobalSection(ExtensibilityGlobals) = postSolution
		SolutionGuid = {F1F8EFC8-7CA9-44CE-9CA2-AD842D6AC075}
	EndGlobalSection
EndGlobal
